
Microsoft Visual Studio Solution File, Format Version 12.00
# Visual Studio 15
VisualStudioVersion = 15.0.28010.2003
MinimumVisualStudioVersion = 10.0.40219.1
Project("{FAE04EC0-301F-11D3-BF4B-00C04F79EFBC}") = "Week5Assignment", "Week5Assignment\Week5Assignment.csproj", "{D179A1C2-6884-4824-AD7C-C83EB3FE0C02}"
EndProject
Global
	GlobalSection(SolutionConfigurationPlatforms) = preSolution
		Debug|Any CPU = Debug|Any CPU
		Release|Any CPU = Release|Any CPU
	EndGlobalSection
	GlobalSection(ProjectConfigurationPlatforms) = postSolution
		{D179A1C2-6884-4824-AD7C-C83EB3FE0C02}.Debug|Any CPU.ActiveCfg = Debug|Any CPU
		{D179A1C2-6884-4824-AD7C-C83EB3FE0C02}.Debug|Any CPU.Build.0 = Debug|Any CPU
		{D179A1C2-6884-4824-AD7C-C83EB3FE0C02}.Release|Any CPU.ActiveCfg = Release|Any CPU
		{D179A1C2-6884-4824-AD7C-C83EB3FE0C02}.Release|Any CPU.Build.0 = Release|Any CPU
	EndGlobalSection
	GlobalSection(SolutionProperties) = preSolution
		HideSolutionNode = FALSE
	EndGlobalSection
	GlobalSection(ExtensibilityGlobals) = postSolution
		SolutionGuid = {31F6C8BF-99C5-4195-9B4C-528E8B2FB55B}
	EndGlobalSection
EndGlobal
